
Microsoft Visual Studio Solution File, Format Version 12.00
# Visual Studio Version 16
VisualStudioVersion = 16.0.30413.136
MinimumVisualStudioVersion = 10.0.40219.1
Project("{FAE04EC0-301F-11D3-BF4B-00C04F79EFBC}") = "Week3", "Week3\Week3.csproj", "{5D2168CB-FD4D-4940-BD16-13A5C924AF06}"
EndProject
Project("{FAE04EC0-301F-11D3-BF4B-00C04F79EFBC}") = "LoginFormRefactored", "LoginFormRefactored\LoginFormRefactored.csproj", "{89A7C888-D341-4637-B5DB-DA867D2A60B1}"
EndProject
Project("{FAE04EC0-301F-11D3-BF4B-00C04F79EFBC}") = "PrecentageCalculator", "PrecentageCalculator\PrecentageCalculator.csproj", "{16F5EB18-74A7-4448-AF39-E0BF37F2955B}"
EndProject
Global
	GlobalSection(SolutionConfigurationPlatforms) = preSolution
		Debug|Any CPU = Debug|Any CPU
		Release|Any CPU = Release|Any CPU
	EndGlobalSection
	GlobalSection(ProjectConfigurationPlatforms) = postSolution
		{5D2168CB-FD4D-4940-BD16-13A5C924AF06}.Debug|Any CPU.ActiveCfg = Debug|Any CPU
		{5D2168CB-FD4D-4940-BD16-13A5C924AF06}.Debug|Any CPU.Build.0 = Debug|Any CPU
		{5D2168CB-FD4D-4940-BD16-13A5C924AF06}.Release|Any CPU.ActiveCfg = Release|Any CPU
		{5D2168CB-FD4D-4940-BD16-13A5C924AF06}.Release|Any CPU.Build.0 = Release|Any CPU
		{89A7C888-D341-4637-B5DB-DA867D2A60B1}.Debug|Any CPU.ActiveCfg = Debug|Any CPU
		{89A7C888-D341-4637-B5DB-DA867D2A60B1}.Debug|Any CPU.Build.0 = Debug|Any CPU
		{89A7C888-D341-4637-B5DB-DA867D2A60B1}.Release|Any CPU.ActiveCfg = Release|Any CPU
		{89A7C888-D341-4637-B5DB-DA867D2A60B1}.Release|Any CPU.Build.0 = Release|Any CPU
		{16F5EB18-74A7-4448-AF39-E0BF37F2955B}.Debug|Any CPU.ActiveCfg = Debug|Any CPU
		{16F5EB18-74A7-4448-AF39-E0BF37F2955B}.Debug|Any CPU.Build.0 = Debug|Any CPU
		{16F5EB18-74A7-4448-AF39-E0BF37F2955B}.Release|Any CPU.ActiveCfg = Release|Any CPU
		{16F5EB18-74A7-4448-AF39-E0BF37F2955B}.Release|Any CPU.Build.0 = Release|Any CPU
	EndGlobalSection
	GlobalSection(SolutionProperties) = preSolution
		HideSolutionNode = FALSE
	EndGlobalSection
	GlobalSection(ExtensibilityGlobals) = postSolution
		SolutionGuid = {65E11D14-8652-46BE-9698-3D0C79825CFA}
	EndGlobalSection
EndGlobal
